
Microsoft Visual Studio Solution File, Format Version 12.00
# Visual Studio 14
VisualStudioVersion = 14.0.25420.1
MinimumVisualStudioVersion = 10.0.40219.1
Project("{FAE04EC0-301F-11D3-BF4B-00C04F79EFBC}") = "ProjectToYou", "ProjectToYou\ProjectToYou.csproj", "{FCDCE327-8DEA-48A5-A754-0169A3DC4443}"
EndProject
Project("{FAE04EC0-301F-11D3-BF4B-00C04F79EFBC}") = "ServiceToYou", "ServiceToYou\ServiceToYou.csproj", "{AAA71B53-D99E-49EE-AFDF-8E8A4C3FB6E9}"
EndProject
Project("{FAE04EC0-301F-11D3-BF4B-00C04F79EFBC}") = "DllLibrary", "DllLibrary\DllLibrary.csproj", "{E84343C3-9628-43D1-9EB8-021BDD8683F3}"
EndProject
Project("{FAE04EC0-301F-11D3-BF4B-00C04F79EFBC}") = "WinfrmToYou", "WindowsFormsApplication1\WinfrmToYou.csproj", "{89C8802F-F845-4498-9EE6-CACF107E0BB7}"
EndProject
Project("{6141683F-8A12-4E36-9623-2EB02B2C2303}") = "Setup1", "Setup1\Setup1.isproj", "{3A416591-D57D-4FB4-A80C-1CB0772A1918}"
	ProjectSection(ProjectDependencies) = postProject
		{89C8802F-F845-4498-9EE6-CACF107E0BB7} = {89C8802F-F845-4498-9EE6-CACF107E0BB7}
	EndProjectSection
EndProject
Project("{FAE04EC0-301F-11D3-BF4B-00C04F79EFBC}") = "FineUI", "FineUI\FineUI.csproj", "{0F8BF1F6-DDC2-43DA-BB0B-416CC287AC1B}"
EndProject
Global
	GlobalSection(SolutionConfigurationPlatforms) = preSolution
		CD_ROM|Any CPU = CD_ROM|Any CPU
		Debug|Any CPU = Debug|Any CPU
		DVD-5|Any CPU = DVD-5|Any CPU
		Release|Any CPU = Release|Any CPU
		SingleImage|Any CPU = SingleImage|Any CPU
	EndGlobalSection
	GlobalSection(ProjectConfigurationPlatforms) = postSolution
		{FCDCE327-8DEA-48A5-A754-0169A3DC4443}.CD_ROM|Any CPU.ActiveCfg = Release|Any CPU
		{FCDCE327-8DEA-48A5-A754-0169A3DC4443}.CD_ROM|Any CPU.Build.0 = Release|Any CPU
		{FCDCE327-8DEA-48A5-A754-0169A3DC4443}.Debug|Any CPU.ActiveCfg = Debug|Any CPU
		{FCDCE327-8DEA-48A5-A754-0169A3DC4443}.Debug|Any CPU.Build.0 = Debug|Any CPU
		{FCDCE327-8DEA-48A5-A754-0169A3DC4443}.DVD-5|Any CPU.ActiveCfg = Debug|Any CPU
		{FCDCE327-8DEA-48A5-A754-0169A3DC4443}.DVD-5|Any CPU.Build.0 = Debug|Any CPU
		{FCDCE327-8DEA-48A5-A754-0169A3DC4443}.Release|Any CPU.ActiveCfg = Release|Any CPU
		{FCDCE327-8DEA-48A5-A754-0169A3DC4443}.Release|Any CPU.Build.0 = Release|Any CPU
		{FCDCE327-8DEA-48A5-A754-0169A3DC4443}.SingleImage|Any CPU.ActiveCfg = Release|Any CPU
		{FCDCE327-8DEA-48A5-A754-0169A3DC4443}.SingleImage|Any CPU.Build.0 = Release|Any CPU
		{AAA71B53-D99E-49EE-AFDF-8E8A4C3FB6E9}.CD_ROM|Any CPU.ActiveCfg = Release|Any CPU
		{AAA71B53-D99E-49EE-AFDF-8E8A4C3FB6E9}.CD_ROM|Any CPU.Build.0 = Release|Any CPU
		{AAA71B53-D99E-49EE-AFDF-8E8A4C3FB6E9}.Debug|Any CPU.ActiveCfg = Debug|Any CPU
		{AAA71B53-D99E-49EE-AFDF-8E8A4C3FB6E9}.Debug|Any CPU.Build.0 = Debug|Any CPU
		{AAA71B53-D99E-49EE-AFDF-8E8A4C3FB6E9}.DVD-5|Any CPU.ActiveCfg = Debug|Any CPU
		{AAA71B53-D99E-49EE-AFDF-8E8A4C3FB6E9}.DVD-5|Any CPU.Build.0 = Debug|Any CPU
		{AAA71B53-D99E-49EE-AFDF-8E8A4C3FB6E9}.Release|Any CPU.ActiveCfg = Release|Any CPU
		{AAA71B53-D99E-49EE-AFDF-8E8A4C3FB6E9}.Release|Any CPU.Build.0 = Release|Any CPU
		{AAA71B53-D99E-49EE-AFDF-8E8A4C3FB6E9}.SingleImage|Any CPU.ActiveCfg = Release|Any CPU
		{AAA71B53-D99E-49EE-AFDF-8E8A4C3FB6E9}.SingleImage|Any CPU.Build.0 = Release|Any CPU
		{E84343C3-9628-43D1-9EB8-021BDD8683F3}.CD_ROM|Any CPU.ActiveCfg = Release|Any CPU
		{E84343C3-9628-43D1-9EB8-021BDD8683F3}.CD_ROM|Any CPU.Build.0 = Release|Any CPU
		{E84343C3-9628-43D1-9EB8-021BDD8683F3}.Debug|Any CPU.ActiveCfg = Debug|Any CPU
		{E84343C3-9628-43D1-9EB8-021BDD8683F3}.Debug|Any CPU.Build.0 = Debug|Any CPU
		{E84343C3-9628-43D1-9EB8-021BDD8683F3}.DVD-5|Any CPU.ActiveCfg = Debug|Any CPU
		{E84343C3-9628-43D1-9EB8-021BDD8683F3}.DVD-5|Any CPU.Build.0 = Debug|Any CPU
		{E84343C3-9628-43D1-9EB8-021BDD8683F3}.Release|Any CPU.ActiveCfg = Release|Any CPU
		{E84343C3-9628-43D1-9EB8-021BDD8683F3}.Release|Any CPU.Build.0 = Release|Any CPU
		{E84343C3-9628-43D1-9EB8-021BDD8683F3}.SingleImage|Any CPU.ActiveCfg = Release|Any CPU
		{E84343C3-9628-43D1-9EB8-021BDD8683F3}.SingleImage|Any CPU.Build.0 = Release|Any CPU
		{89C8802F-F845-4498-9EE6-CACF107E0BB7}.CD_ROM|Any CPU.ActiveCfg = Release|Any CPU
		{89C8802F-F845-4498-9EE6-CACF107E0BB7}.CD_ROM|Any CPU.Build.0 = Release|Any CPU
		{89C8802F-F845-4498-9EE6-CACF107E0BB7}.Debug|Any CPU.ActiveCfg = Debug|Any CPU
		{89C8802F-F845-4498-9EE6-CACF107E0BB7}.Debug|Any CPU.Build.0 = Debug|Any CPU
		{89C8802F-F845-4498-9EE6-CACF107E0BB7}.DVD-5|Any CPU.ActiveCfg = Debug|Any CPU
		{89C8802F-F845-4498-9EE6-CACF107E0BB7}.DVD-5|Any CPU.Build.0 = Debug|Any CPU
		{89C8802F-F845-4498-9EE6-CACF107E0BB7}.Release|Any CPU.ActiveCfg = Release|Any CPU
		{89C8802F-F845-4498-9EE6-CACF107E0BB7}.Release|Any CPU.Build.0 = Release|Any CPU
		{89C8802F-F845-4498-9EE6-CACF107E0BB7}.SingleImage|Any CPU.ActiveCfg = Release|Any CPU
		{89C8802F-F845-4498-9EE6-CACF107E0BB7}.SingleImage|Any CPU.Build.0 = Release|Any CPU
		{3A416591-D57D-4FB4-A80C-1CB0772A1918}.CD_ROM|Any CPU.ActiveCfg = CD_ROM
		{3A416591-D57D-4FB4-A80C-1CB0772A1918}.CD_ROM|Any CPU.Build.0 = CD_ROM
		{3A416591-D57D-4FB4-A80C-1CB0772A1918}.Debug|Any CPU.ActiveCfg = DVD-5
		{3A416591-D57D-4FB4-A80C-1CB0772A1918}.Debug|Any CPU.Build.0 = DVD-5
		{3A416591-D57D-4FB4-A80C-1CB0772A1918}.DVD-5|Any CPU.ActiveCfg = DVD-5
		{3A416591-D57D-4FB4-A80C-1CB0772A1918}.DVD-5|Any CPU.Build.0 = DVD-5
		{3A416591-D57D-4FB4-A80C-1CB0772A1918}.Release|Any CPU.ActiveCfg = SingleImage
		{3A416591-D57D-4FB4-A80C-1CB0772A1918}.Release|Any CPU.Build.0 = SingleImage
		{3A416591-D57D-4FB4-A80C-1CB0772A1918}.SingleImage|Any CPU.ActiveCfg = SingleImage
		{3A416591-D57D-4FB4-A80C-1CB0772A1918}.SingleImage|Any CPU.Build.0 = SingleImage
		{0F8BF1F6-DDC2-43DA-BB0B-416CC287AC1B}.CD_ROM|Any CPU.ActiveCfg = Release|Any CPU
		{0F8BF1F6-DDC2-43DA-BB0B-416CC287AC1B}.CD_ROM|Any CPU.Build.0 = Release|Any CPU
		{0F8BF1F6-DDC2-43DA-BB0B-416CC287AC1B}.Debug|Any CPU.ActiveCfg = Debug|Any CPU
		{0F8BF1F6-DDC2-43DA-BB0B-416CC287AC1B}.Debug|Any CPU.Build.0 = Debug|Any CPU
		{0F8BF1F6-DDC2-43DA-BB0B-416CC287AC1B}.DVD-5|Any CPU.ActiveCfg = Debug|Any CPU
		{0F8BF1F6-DDC2-43DA-BB0B-416CC287AC1B}.DVD-5|Any CPU.Build.0 = Debug|Any CPU
		{0F8BF1F6-DDC2-43DA-BB0B-416CC287AC1B}.Release|Any CPU.ActiveCfg = Release|Any CPU
		{0F8BF1F6-DDC2-43DA-BB0B-416CC287AC1B}.Release|Any CPU.Build.0 = Release|Any CPU
		{0F8BF1F6-DDC2-43DA-BB0B-416CC287AC1B}.SingleImage|Any CPU.ActiveCfg = Release|Any CPU
		{0F8BF1F6-DDC2-43DA-BB0B-416CC287AC1B}.SingleImage|Any CPU.Build.0 = Release|Any CPU
	EndGlobalSection
	GlobalSection(SolutionProperties) = preSolution
		HideSolutionNode = FALSE
	EndGlobalSection
EndGlobal
